
Microsoft Visual Studio Solution File, Format Version 12.00
# Visual Studio 15
VisualStudioVersion = 15.0.27703.2026
MinimumVisualStudioVersion = 10.0.40219.1
Project("{FAE04EC0-301F-11D3-BF4B-00C04F79EFBC}") = "CarApp", "CarApp\CarApp.csproj", "{EAF012E6-BB4D-4EA3-B690-E0A426980E53}"
EndProject
Global
	GlobalSection(SolutionConfigurationPlatforms) = preSolution
		Debug|Any CPU = Debug|Any CPU
		Release|Any CPU = Release|Any CPU
	EndGlobalSection
	GlobalSection(ProjectConfigurationPlatforms) = postSolution
		{EAF012E6-BB4D-4EA3-B690-E0A426980E53}.Debug|Any CPU.ActiveCfg = Debug|Any CPU
		{EAF012E6-BB4D-4EA3-B690-E0A426980E53}.Debug|Any CPU.Build.0 = Debug|Any CPU
		{EAF012E6-BB4D-4EA3-B690-E0A426980E53}.Release|Any CPU.ActiveCfg = Release|Any CPU
		{EAF012E6-BB4D-4EA3-B690-E0A426980E53}.Release|Any CPU.Build.0 = Release|Any CPU
	EndGlobalSection
	GlobalSection(SolutionProperties) = preSolution
		HideSolutionNode = FALSE
	EndGlobalSection
	GlobalSection(ExtensibilityGlobals) = postSolution
		SolutionGuid = {C7C1203C-2533-40AB-A4EF-614412D45D68}
	EndGlobalSection
EndGlobal
